// !$*UTF8*$!
{
	archiveVersion = 1;
	classes = {
	};
	objectVersion = 56;
	objects = {

/* Begin PBXBuildFile section */
		8B8A773F2BD4EE1E002750BB /* main.cpp in Sources */ = {isa = PBXBuildFile; fileRef = 8B8A773E2BD4EE1E002750BB /* main.cpp */; };
		8B8A77472BD4EE4B002750BB /* classSum.cpp in Sources */ = {isa = PBXBuildFile; fileRef = 8B8A77452BD4EE4B002750BB /* classSum.cpp */; };
		8B8A774A2BD4EE5A002750BB /* classNumber.cpp in Sources */ = {isa = PBXBuildFile; fileRef = 8B8A77482BD4EE5A002750BB /* classNumber.cpp */; };
		8B8A774D2BD4EE62002750BB /* classComplex.cpp in Sources */ = {isa = PBXBuildFile; fileRef = 8B8A774B2BD4EE62002750BB /* classComplex.cpp */; };
		8B8A77502BD4EE6D002750BB /* classFraction.cpp in Sources */ = {isa = PBXBuildFile; fileRef = 8B8A774E2BD4EE6D002750BB /* classFraction.cpp */; };
		8B8A77532BD4EE7E002750BB /* classHugeInt.cpp in Sources */ = {isa = PBXBuildFile; fileRef = 8B8A77512BD4EE7E002750BB /* classHugeInt.cpp */; };
/* End PBXBuildFile section */

/* Begin PBXCopyFilesBuildPhase section */
		8B8A77392BD4EE1E002750BB /* CopyFiles */ = {
			isa = PBXCopyFilesBuildPhase;
			buildActionMask = 2147483647;
			dstPath = /usr/share/man/man1/;
			dstSubfolderSpec = 0;
			files = (
			);
			runOnlyForDeploymentPostprocessing = 1;
		};
/* End PBXCopyFilesBuildPhase section */

/* Begin PBXFileReference section */
		8B8A773B2BD4EE1E002750BB /* 各种数的加法 */ = {isa = PBXFileReference; explicitFileType = "compiled.mach-o.executable"; includeInIndex = 0; path = "各种数的加法"; sourceTree = BUILT_PRODUCTS_DIR; };
		8B8A773E2BD4EE1E002750BB /* main.cpp */ = {isa = PBXFileReference; lastKnownFileType = sourcecode.cpp.cpp; path = main.cpp; sourceTree = "<group>"; };
		8B8A77452BD4EE4B002750BB /* classSum.cpp */ = {isa = PBXFileReference; lastKnownFileType = sourcecode.cpp.cpp; path = classSum.cpp; sourceTree = "<group>"; };
		8B8A77462BD4EE4B002750BB /* classSum.hpp */ = {isa = PBXFileReference; lastKnownFileType = sourcecode.cpp.h; path = classSum.hpp; sourceTree = "<group>"; };
		8B8A77482BD4EE5A002750BB /* classNumber.cpp */ = {isa = PBXFileReference; lastKnownFileType = sourcecode.cpp.cpp; path = classNumber.cpp; sourceTree = "<group>"; };
		8B8A77492BD4EE5A002750BB /* classNumber.hpp */ = {isa = PBXFileReference; lastKnownFileType = sourcecode.cpp.h; path = classNumber.hpp; sourceTree = "<group>"; };
		8B8A774B2BD4EE62002750BB /* classComplex.cpp */ = {isa = PBXFileReference; lastKnownFileType = sourcecode.cpp.cpp; path = classComplex.cpp; sourceTree = "<group>"; };
		8B8A774C2BD4EE62002750BB /* classComplex.hpp */ = {isa = PBXFileReference; lastKnownFileType = sourcecode.cpp.h; path = classComplex.hpp; sourceTree = "<group>"; };
		8B8A774E2BD4EE6D002750BB /* classFraction.cpp */ = {isa = PBXFileReference; lastKnownFileType = sourcecode.cpp.cpp; path = classFraction.cpp; sourceTree = "<group>"; };
		8B8A774F2BD4EE6D002750BB /* classFraction.hpp */ = {isa = PBXFileReference; lastKnownFileType = sourcecode.cpp.h; path = classFraction.hpp; sourceTree = "<group>"; };
		8B8A77512BD4EE7E002750BB /* classHugeInt.cpp */ = {isa = PBXFileReference; lastKnownFileType = sourcecode.cpp.cpp; path = classHugeInt.cpp; sourceTree = "<group>"; };
		8B8A77522BD4EE7E002750BB /* classHugeInt.hpp */ = {isa = PBXFileReference; lastKnownFileType = sourcecode.cpp.h; path = classHugeInt.hpp; sourceTree = "<group>"; };
/* End PBXFileReference section */

/* Begin PBXFrameworksBuildPhase section */
		8B8A77382BD4EE1E002750BB /* Frameworks */ = {
			isa = PBXFrameworksBuildPhase;
			buildActionMask = 2147483647;
			files = (
			);
			runOnlyForDeploymentPostprocessing = 0;
		};
/* End PBXFrameworksBuildPhase section */

/* Begin PBXGroup section */
		8B8A77322BD4EE1E002750BB = {
			isa = PBXGroup;
			children = (
				8B8A77512BD4EE7E002750BB /* classHugeInt.cpp */,
				8B8A77522BD4EE7E002750BB /* classHugeInt.hpp */,
				8B8A774E2BD4EE6D002750BB /* classFraction.cpp */,
				8B8A774F2BD4EE6D002750BB /* classFraction.hpp */,
				8B8A774B2BD4EE62002750BB /* classComplex.cpp */,
				8B8A774C2BD4EE62002750BB /* classComplex.hpp */,
				8B8A77482BD4EE5A002750BB /* classNumber.cpp */,
				8B8A77492BD4EE5A002750BB /* classNumber.hpp */,
				8B8A77452BD4EE4B002750BB /* classSum.cpp */,
				8B8A77462BD4EE4B002750BB /* classSum.hpp */,
				8B8A773D2BD4EE1E002750BB /* 各种数的加法 */,
				8B8A773C2BD4EE1E002750BB /* Products */,
			);
			sourceTree = "<group>";
		};
		8B8A773C2BD4EE1E002750BB /* Products */ = {
			isa = PBXGroup;
			children = (
				8B8A773B2BD4EE1E002750BB /* 各种数的加法 */,
			);
			name = Products;
			sourceTree = "<group>";
		};
		8B8A773D2BD4EE1E002750BB /* 各种数的加法 */ = {
			isa = PBXGroup;
			children = (
				8B8A773E2BD4EE1E002750BB /* main.cpp */,
			);
			path = "各种数的加法";
			sourceTree = "<group>";
		};
/* End PBXGroup section */

/* Begin PBXNativeTarget section */
		8B8A773A2BD4EE1E002750BB /* 各种数的加法 */ = {
			isa = PBXNativeTarget;
			buildConfigurationList = 8B8A77422BD4EE1E002750BB /* Build configuration list for PBXNativeTarget "各种数的加法" */;
			buildPhases = (
				8B8A77372BD4EE1E002750BB /* Sources */,
				8B8A77382BD4EE1E002750BB /* Frameworks */,
				8B8A77392BD4EE1E002750BB /* CopyFiles */,
			);
			buildRules = (
			);
			dependencies = (
			);
			name = "各种数的加法";
			productName = "各种数的加法";
			productReference = 8B8A773B2BD4EE1E002750BB /* 各种数的加法 */;
			productType = "com.apple.product-type.tool";
		};
/* End PBXNativeTarget section */

/* Begin PBXProject section */
		8B8A77332BD4EE1E002750BB /* Project object */ = {
			isa = PBXProject;
			attributes = {
				BuildIndependentTargetsInParallel = 1;
				LastUpgradeCheck = 1530;
				TargetAttributes = {
					8B8A773A2BD4EE1E002750BB = {
						CreatedOnToolsVersion = 15.3;
					};
				};
			};
			buildConfigurationList = 8B8A77362BD4EE1E002750BB /* Build configuration list for PBXProject "各种数的加法" */;
			compatibilityVersion = "Xcode 14.0";
			developmentRegion = en;
			hasScannedForEncodings = 0;
			knownRegions = (
				en,
				Base,
			);
			mainGroup = 8B8A77322BD4EE1E002750BB;
			productRefGroup = 8B8A773C2BD4EE1E002750BB /* Products */;
			projectDirPath = "";
			projectRoot = "";
			targets = (
				8B8A773A2BD4EE1E002750BB /* 各种数的加法 */,
			);
		};
/* End PBXProject section */

/* Begin PBXSourcesBuildPhase section */
		8B8A77372BD4EE1E002750BB /* Sources */ = {
			isa = PBXSourcesBuildPhase;
			buildActionMask = 2147483647;
			files = (
				8B8A77472BD4EE4B002750BB /* classSum.cpp in Sources */,
				8B8A77532BD4EE7E002750BB /* classHugeInt.cpp in Sources */,
				8B8A773F2BD4EE1E002750BB /* main.cpp in Sources */,
				8B8A77502BD4EE6D002750BB /* classFraction.cpp in Sources */,
				8B8A774A2BD4EE5A002750BB /* classNumber.cpp in Sources */,
				8B8A774D2BD4EE62002750BB /* classComplex.cpp in Sources */,
			);
			runOnlyForDeploymentPostprocessing = 0;
		};
/* End PBXSourcesBuildPhase section */

/* Begin XCBuildConfiguration section */
		8B8A77402BD4EE1E002750BB /* Debug */ = {
			isa = XCBuildConfiguration;
			buildSettings = {
				ALWAYS_SEARCH_USER_PATHS = NO;
				ASSETCATALOG_COMPILER_GENERATE_SWIFT_ASSET_SYMBOL_EXTENSIONS = YES;
				CLANG_ANALYZER_NONNULL = YES;
				CLANG_ANALYZER_NUMBER_OBJECT_CONVERSION = YES_AGGRESSIVE;
				CLANG_CXX_LANGUAGE_STANDARD = "gnu++20";
				CLANG_ENABLE_MODULES = YES;
				CLANG_ENABLE_OBJC_ARC = YES;
				CLANG_ENABLE_OBJC_WEAK = YES;
				CLANG_WARN_BLOCK_CAPTURE_AUTORELEASING = YES;
				CLANG_WARN_BOOL_CONVERSION = YES;
				CLANG_WARN_COMMA = YES;
				CLANG_WARN_CONSTANT_CONVERSION = YES;
				CLANG_WARN_DEPRECATED_OBJC_IMPLEMENTATIONS = YES;
				CLANG_WARN_DIRECT_OBJC_ISA_USAGE = YES_ERROR;
				CLANG_WARN_DOCUMENTATION_COMMENTS = YES;
				CLANG_WARN_EMPTY_BODY = YES;
				CLANG_WARN_ENUM_CONVERSION = YES;
				CLANG_WARN_INFINITE_RECURSION = YES;
				CLANG_WARN_INT_CONVERSION = YES;
				CLANG_WARN_NON_LITERAL_NULL_CONVERSION = YES;
				CLANG_WARN_OBJC_IMPLICIT_RETAIN_SELF = YES;
				CLANG_WARN_OBJC_LITERAL_CONVERSION = YES;
				CLANG_WARN_OBJC_ROOT_CLASS = YES_ERROR;
				CLANG_WARN_QUOTED_INCLUDE_IN_FRAMEWORK_HEADER = YES;
				CLANG_WARN_RANGE_LOOP_ANALYSIS = YES;
				CLANG_WARN_STRICT_PROTOTYPES = YES;
				CLANG_WARN_SUSPICIOUS_MOVE = YES;
				CLANG_WARN_UNGUARDED_AVAILABILITY = YES_AGGRESSIVE;
				CLANG_WARN_UNREACHABLE_CODE = YES;
				CLANG_WARN__DUPLICATE_METHOD_MATCH = YES;
				COPY_PHASE_STRIP = NO;
				DEBUG_INFORMATION_FORMAT = dwarf;
				ENABLE_STRICT_OBJC_MSGSEND = YES;
				ENABLE_TESTABILITY = YES;
				ENABLE_USER_SCRIPT_SANDBOXING = YES;
				GCC_C_LANGUAGE_STANDARD = gnu17;
				GCC_DYNAMIC_NO_PIC = NO;
				GCC_NO_COMMON_BLOCKS = YES;
				GCC_OPTIMIZATION_LEVEL = 0;
				GCC_PREPROCESSOR_DEFINITIONS = (
					"DEBUG=1",
					"$(inherited)",
				);
				GCC_WARN_64_TO_32_BIT_CONVERSION = YES;
				GCC_WARN_ABOUT_RETURN_TYPE = YES_ERROR;
				GCC_WARN_UNDECLARED_SELECTOR = YES;
				GCC_WARN_UNINITIALIZED_AUTOS = YES_AGGRESSIVE;
				GCC_WARN_UNUSED_FUNCTION = YES;
				GCC_WARN_UNUSED_VARIABLE = YES;
				LOCALIZATION_PREFERS_STRING_CATALOGS = YES;
				MACOSX_DEPLOYMENT_TARGET = 14.0;
				MTL_ENABLE_DEBUG_INFO = INCLUDE_SOURCE;
				MTL_FAST_MATH = YES;
				ONLY_ACTIVE_ARCH = YES;
				SDKROOT = macosx;
			};
			name = Debug;
		};
		8B8A77412BD4EE1E002750BB /* Release */ = {
			isa = XCBuildConfiguration;
			buildSettings = {
				ALWAYS_SEARCH_USER_PATHS = NO;
				ASSETCATALOG_COMPILER_GENERATE_SWIFT_ASSET_SYMBOL_EXTENSIONS = YES;
				CLANG_ANALYZER_NONNULL = YES;
				CLANG_ANALYZER_NUMBER_OBJECT_CONVERSION = YES_AGGRESSIVE;
				CLANG_CXX_LANGUAGE_STANDARD = "gnu++20";
				CLANG_ENABLE_MODULES = YES;
				CLANG_ENABLE_OBJC_ARC = YES;
				CLANG_ENABLE_OBJC_WEAK = YES;
				CLANG_WARN_BLOCK_CAPTURE_AUTORELEASING = YES;
				CLANG_WARN_BOOL_CONVERSION = YES;
				CLANG_WARN_COMMA = YES;
				CLANG_WARN_CONSTANT_CONVERSION = YES;
				CLANG_WARN_DEPRECATED_OBJC_IMPLEMENTATIONS = YES;
				CLANG_WARN_DIRECT_OBJC_ISA_USAGE = YES_ERROR;
				CLANG_WARN_DOCUMENTATION_COMMENTS = YES;
				CLANG_WARN_EMPTY_BODY = YES;
				CLANG_WARN_ENUM_CONVERSION = YES;
				CLANG_WARN_INFINITE_RECURSION = YES;
				CLANG_WARN_INT_CONVERSION = YES;
				CLANG_WARN_NON_LITERAL_NULL_CONVERSION = YES;
				CLANG_WARN_OBJC_IMPLICIT_RETAIN_SELF = YES;
				CLANG_WARN_OBJC_LITERAL_CONVERSION = YES;
				CLANG_WARN_OBJC_ROOT_CLASS = YES_ERROR;
				CLANG_WARN_QUOTED_INCLUDE_IN_FRAMEWORK_HEADER = YES;
				CLANG_WARN_RANGE_LOOP_ANALYSIS = YES;
				CLANG_WARN_STRICT_PROTOTYPES = YES;
				CLANG_WARN_SUSPICIOUS_MOVE = YES;
				CLANG_WARN_UNGUARDED_AVAILABILITY = YES_AGGRESSIVE;
				CLANG_WARN_UNREACHABLE_CODE = YES;
				CLANG_WARN__DUPLICATE_METHOD_MATCH = YES;
				COPY_PHASE_STRIP = NO;
				DEBUG_INFORMATION_FORMAT = "dwarf-with-dsym";
				ENABLE_NS_ASSERTIONS = NO;
				ENABLE_STRICT_OBJC_MSGSEND = YES;
				ENABLE_USER_SCRIPT_SANDBOXING = YES;
				GCC_C_LANGUAGE_STANDARD = gnu17;
				GCC_NO_COMMON_BLOCKS = YES;
				GCC_WARN_64_TO_32_BIT_CONVERSION = YES;
				GCC_WARN_ABOUT_RETURN_TYPE = YES_ERROR;
				GCC_WARN_UNDECLARED_SELECTOR = YES;
				GCC_WARN_UNINITIALIZED_AUTOS = YES_AGGRESSIVE;
				GCC_WARN_UNUSED_FUNCTION = YES;
				GCC_WARN_UNUSED_VARIABLE = YES;
				LOCALIZATION_PREFERS_STRING_CATALOGS = YES;
				MACOSX_DEPLOYMENT_TARGET = 14.0;
				MTL_ENABLE_DEBUG_INFO = NO;
				MTL_FAST_MATH = YES;
				SDKROOT = macosx;
			};
			name = Release;
		};
		8B8A77432BD4EE1E002750BB /* Debug */ = {
			isa = XCBuildConfiguration;
			buildSettings = {
				CODE_SIGN_STYLE = Automatic;
				DEVELOPMENT_TEAM = HZ32CUHN6M;
				ENABLE_HARDENED_RUNTIME = YES;
				PRODUCT_NAME = "$(TARGET_NAME)";
			};
			name = Debug;
		};
		8B8A77442BD4EE1E002750BB /* Release */ = {
			isa = XCBuildConfiguration;
			buildSettings = {
				CODE_SIGN_STYLE = Automatic;
				DEVELOPMENT_TEAM = HZ32CUHN6M;
				ENABLE_HARDENED_RUNTIME = YES;
				PRODUCT_NAME = "$(TARGET_NAME)";
			};
			name = Release;
		};
/* End XCBuildConfiguration section */

/* Begin XCConfigurationList section */
		8B8A77362BD4EE1E002750BB /* Build configuration list for PBXProject "各种数的加法" */ = {
			isa = XCConfigurationList;
			buildConfigurations = (
				8B8A77402BD4EE1E002750BB /* Debug */,
				8B8A77412BD4EE1E002750BB /* Release */,
			);
			defaultConfigurationIsVisible = 0;
			defaultConfigurationName = Release;
		};
		8B8A77422BD4EE1E002750BB /* Build configuration list for PBXNativeTarget "各种数的加法" */ = {
			isa = XCConfigurationList;
			buildConfigurations = (
				8B8A77432BD4EE1E002750BB /* Debug */,
				8B8A77442BD4EE1E002750BB /* Release */,
			);
			defaultConfigurationIsVisible = 0;
			defaultConfigurationName = Release;
		};
/* End XCConfigurationList section */
	};
	rootObject = 8B8A77332BD4EE1E002750BB /* Project object */;
}
